{
    "_readme": [
        "This file locks the dependencies of your project to a known state",
        "Read more about it at https://getcomposer.org/doc/01-basic-usage.md#composer-lock-the-lock-file",
        "This file is @generated automatically"
    ],
    "hash": "73cf7fc6fa610db105628a4d81bd573f",
    "content-hash": "fe96c9e9c1d28030e8f1b426c0ad8e7d",
    "packages": [
        {
            "name": "phing/phing",
            "version": "2.13.0",
            "source": {
                "type": "git",
                "url": "https://github.com/phingofficial/phing.git",
                "reference": "a5b10a50160c8a4744545aacb33ef158349e655c"
            },
            "dist": {
                "type": "zip",
                "url": "https://api.github.com/repos/phingofficial/phing/zipball/a5b10a50160c8a4744545aacb33ef158349e655c",
                "reference": "a5b10a50160c8a4744545aacb33ef158349e655c",
                "shasum": ""
            },
            "require": {
                "php": ">=5.2.0"
            },
            "require-dev": {
                "ext-pdo_sqlite": "*",
                "lastcraft/simpletest": "@dev",
                "pdepend/pdepend": "2.x",
                "pear/archive_tar": "1.4.x",
                "pear/http_request2": "dev-trunk",
                "pear/net_growl": "dev-trunk",
                "pear/pear-core-minimal": "1.10.1",
                "pear/versioncontrol_git": "@dev",
                "pear/versioncontrol_svn": "~0.5",
                "phpdocumentor/phpdocumentor": "2.x",
                "phploc/phploc": "~2.0.6",
                "phpmd/phpmd": "~2.2",
                "phpunit/phpunit": ">=3.7",
                "sebastian/git": "~1.0",
                "sebastian/phpcpd": "2.x",
                "squizlabs/php_codesniffer": "~2.2",
                "symfony/yaml": "~2.7"
            },
            "suggest": {
                "pdepend/pdepend": "PHP version of JDepend",
                "pear/archive_tar": "Tar file management class",
                "pear/versioncontrol_git": "A library that provides OO interface to handle Git repository",
                "pear/versioncontrol_svn": "A simple OO-style interface for Subversion, the free/open-source version control system",
                "phpdocumentor/phpdocumentor": "Documentation Generator for PHP",
                "phploc/phploc": "A tool for quickly measuring the size of a PHP project",
                "phpmd/phpmd": "PHP version of PMD tool",
                "phpunit/php-code-coverage": "Library that provides collection, processing, and rendering functionality for PHP code coverage information",
                "phpunit/phpunit": "The PHP Unit Testing Framework",
                "sebastian/phpcpd": "Copy/Paste Detector (CPD) for PHP code",
                "tedivm/jshrink": "Javascript Minifier built in PHP"
            },
            "bin": [
                "bin/phing"
            ],
            "type": "library",
            "extra": {
                "branch-alias": {
                    "dev-master": "2.13.x-dev"
                }
            },
            "autoload": {
                "classmap": [
                    "classes/phing/"
                ]
            },
            "notification-url": "https://packagist.org/downloads/",
            "include-path": [
                "classes"
            ],
            "license": [
                "LGPL-3.0"
            ],
            "authors": [
                {
                    "name": "Michiel Rook",
                    "email": "mrook@php.net"
                },
                {
                    "name": "Phing Community",
                    "homepage": "https://www.phing.info/trac/wiki/Development/Contributors"
                }
            ],
            "description": "PHing Is Not GNU make; it's a PHP project build system or build tool based on Apache Ant.",
            "homepage": "https://www.phing.info/",
            "keywords": [
                "build",
                "phing",
                "task",
                "tool"
            ],
            "time": "2015-12-04 09:45:44"
        },
        {
            "name": "phryneas/logged-pdo",
            "version": "dev-master",
            "source": {
                "type": "git",
                "url": "https://github.com/iimog/loggedPDO.git",
                "reference": "0b9c599869d350b027ccef1f2dc95d98f1d5aaf2"
            },
            "dist": {
                "type": "zip",
                "url": "https://api.github.com/repos/iimog/loggedPDO/zipball/0b9c599869d350b027ccef1f2dc95d98f1d5aaf2",
                "reference": "0b9c599869d350b027ccef1f2dc95d98f1d5aaf2",
                "shasum": ""
            },
            "type": "library",
            "license": [
                "The MIT License (MIT)"
            ],
            "authors": [
                {
                    "name": "Lorenz Weber",
                    "email": "mail@phryneas.de"
                }
            ],
            "description": "Class extending the php PDO Class for logging purpose",
            "support": {
                "source": "https://github.com/iimog/loggedPDO/tree/master"
            },
            "time": "2016-02-16 09:41:41"
        },
        {
            "name": "smarty/smarty",
            "version": "v3.1.29",
            "source": {
                "type": "git",
                "url": "https://github.com/smarty-php/smarty.git",
                "reference": "35480f10e7ce9b0fdaf23d3799d7b79463919b1e"
            },
            "dist": {
                "type": "zip",
                "url": "https://api.github.com/repos/smarty-php/smarty/zipball/35480f10e7ce9b0fdaf23d3799d7b79463919b1e",
                "reference": "35480f10e7ce9b0fdaf23d3799d7b79463919b1e",
                "shasum": ""
            },
            "require": {
                "php": ">=5.2"
            },
            "type": "library",
            "extra": {
                "branch-alias": {
                    "dev-master": "3.1.x-dev"
                }
            },
            "autoload": {
                "classmap": [
                    "libs/Smarty.class.php",
                    "libs/SmartyBC.class.php",
                    "libs/sysplugins/"
                ]
            },
            "notification-url": "https://packagist.org/downloads/",
            "license": [
                "LGPL-3.0"
            ],
            "authors": [
                {
                    "name": "Monte Ohrt",
                    "email": "monte@ohrt.com"
                },
                {
                    "name": "Uwe Tews",
                    "email": "uwe.tews@googlemail.com"
                },
                {
                    "name": "Rodney Rehm",
                    "email": "rodney.rehm@medialize.de"
                }
            ],
            "description": "Smarty - the compiling PHP template engine",
            "homepage": "http://www.smarty.net",
            "keywords": [
                "templating"
            ],
            "time": "2015-12-21 01:57:06"
        }
    ],
    "packages-dev": [],
    "aliases": [],
    "minimum-stability": "stable",
    "stability-flags": {
        "phryneas/logged-pdo": 20
    },
    "prefer-stable": false,
    "prefer-lowest": false,
    "platform": [],
    "platform-dev": []
}
